// !$*UTF8*$!
{
	archiveVersion = 1;
	classes = {
	};
	objectVersion = 50;
	objects = {

/* Begin PBXBuildFile section */
		54F17B8E2183EF7E00217DE8 /* AppDelegate.swift in Sources */ = {isa = PBXBuildFile; fileRef = 54F17B8D2183EF7E00217DE8 /* AppDelegate.swift */; };
		54F17B902183EF7E00217DE8 /* ViewController.swift in Sources */ = {isa = PBXBuildFile; fileRef = 54F17B8F2183EF7E00217DE8 /* ViewController.swift */; };
		54F17B932183EF7E00217DE8 /* Main.storyboard in Resources */ = {isa = PBXBuildFile; fileRef = 54F17B912183EF7E00217DE8 /* Main.storyboard */; };
		54F17B952183EF8600217DE8 /* Assets.xcassets in Resources */ = {isa = PBXBuildFile; fileRef = 54F17B942183EF8600217DE8 /* Assets.xcassets */; };
		54F17B982183EF8600217DE8 /* LaunchScreen.storyboard in Resources */ = {isa = PBXBuildFile; fileRef = 54F17B962183EF8600217DE8 /* LaunchScreen.storyboard */; };
		54F17BA32183EF8700217DE8 /* StulinTakeHomeTestTests.swift in Sources */ = {isa = PBXBuildFile; fileRef = 54F17BA22183EF8700217DE8 /* StulinTakeHomeTestTests.swift */; };
		54F17BAE2183EF8700217DE8 /* StulinTakeHomeTestUITests.swift in Sources */ = {isa = PBXBuildFile; fileRef = 54F17BAD2183EF8700217DE8 /* StulinTakeHomeTestUITests.swift */; };
/* End PBXBuildFile section */

/* Begin PBXContainerItemProxy section */
		54F17B9F2183EF8700217DE8 /* PBXContainerItemProxy */ = {
			isa = PBXContainerItemProxy;
			containerPortal = 54F17B822183EF7E00217DE8 /* Project object */;
			proxyType = 1;
			remoteGlobalIDString = 54F17B892183EF7E00217DE8;
			remoteInfo = StulinTakeHomeTest;
		};
		54F17BAA2183EF8700217DE8 /* PBXContainerItemProxy */ = {
			isa = PBXContainerItemProxy;
			containerPortal = 54F17B822183EF7E00217DE8 /* Project object */;
			proxyType = 1;
			remoteGlobalIDString = 54F17B892183EF7E00217DE8;
			remoteInfo = StulinTakeHomeTest;
		};
/* End PBXContainerItemProxy section */

/* Begin PBXFileReference section */
		54F17B8A2183EF7E00217DE8 /* StulinTakeHomeTest.app */ = {isa = PBXFileReference; explicitFileType = wrapper.application; includeInIndex = 0; path = StulinTakeHomeTest.app; sourceTree = BUILT_PRODUCTS_DIR; };
		54F17B8D2183EF7E00217DE8 /* AppDelegate.swift */ = {isa = PBXFileReference; lastKnownFileType = sourcecode.swift; path = AppDelegate.swift; sourceTree = "<group>"; };
		54F17B8F2183EF7E00217DE8 /* ViewController.swift */ = {isa = PBXFileReference; lastKnownFileType = sourcecode.swift; path = ViewController.swift; sourceTree = "<group>"; };
		54F17B922183EF7E00217DE8 /* Base */ = {isa = PBXFileReference; lastKnownFileType = file.storyboard; name = Base; path = Base.lproj/Main.storyboard; sourceTree = "<group>"; };
		54F17B942183EF8600217DE8 /* Assets.xcassets */ = {isa = PBXFileReference; lastKnownFileType = folder.assetcatalog; path = Assets.xcassets; sourceTree = "<group>"; };
		54F17B972183EF8600217DE8 /* Base */ = {isa = PBXFileReference; lastKnownFileType = file.storyboard; name = Base; path = Base.lproj/LaunchScreen.storyboard; sourceTree = "<group>"; };
		54F17B992183EF8600217DE8 /* Info.plist */ = {isa = PBXFileReference; lastKnownFileType = text.plist.xml; path = Info.plist; sourceTree = "<group>"; };
		54F17B9E2183EF8700217DE8 /* StulinTakeHomeTestTests.xctest */ = {isa = PBXFileReference; explicitFileType = wrapper.cfbundle; includeInIndex = 0; path = StulinTakeHomeTestTests.xctest; sourceTree = BUILT_PRODUCTS_DIR; };
		54F17BA22183EF8700217DE8 /* StulinTakeHomeTestTests.swift */ = {isa = PBXFileReference; lastKnownFileType = sourcecode.swift; path = StulinTakeHomeTestTests.swift; sourceTree = "<group>"; };
		54F17BA42183EF8700217DE8 /* Info.plist */ = {isa = PBXFileReference; lastKnownFileType = text.plist.xml; path = Info.plist; sourceTree = "<group>"; };
		54F17BA92183EF8700217DE8 /* StulinTakeHomeTestUITests.xctest */ = {isa = PBXFileReference; explicitFileType = wrapper.cfbundle; includeInIndex = 0; path = StulinTakeHomeTestUITests.xctest; sourceTree = BUILT_PRODUCTS_DIR; };
		54F17BAD2183EF8700217DE8 /* StulinTakeHomeTestUITests.swift */ = {isa = PBXFileReference; lastKnownFileType = sourcecode.swift; path = StulinTakeHomeTestUITests.swift; sourceTree = "<group>"; };
		54F17BAF2183EF8700217DE8 /* Info.plist */ = {isa = PBXFileReference; lastKnownFileType = text.plist.xml; path = Info.plist; sourceTree = "<group>"; };
/* End PBXFileReference section */

/* Begin PBXFrameworksBuildPhase section */
		54F17B872183EF7E00217DE8 /* Frameworks */ = {
			isa = PBXFrameworksBuildPhase;
			buildActionMask = 2147483647;
			files = (
			);
			runOnlyForDeploymentPostprocessing = 0;
		};
		54F17B9B2183EF8700217DE8 /* Frameworks */ = {
			isa = PBXFrameworksBuildPhase;
			buildActionMask = 2147483647;
			files = (
			);
			runOnlyForDeploymentPostprocessing = 0;
		};
		54F17BA62183EF8700217DE8 /* Frameworks */ = {
			isa = PBXFrameworksBuildPhase;
			buildActionMask = 2147483647;
			files = (
			);
			runOnlyForDeploymentPostprocessing = 0;
		};
/* End PBXFrameworksBuildPhase section */

/* Begin PBXGroup section */
		54F17B812183EF7E00217DE8 = {
			isa = PBXGroup;
			children = (
				54F17B8C2183EF7E00217DE8 /* StulinTakeHomeTest */,
				54F17BA12183EF8700217DE8 /* StulinTakeHomeTestTests */,
				54F17BAC2183EF8700217DE8 /* StulinTakeHomeTestUITests */,
				54F17B8B2183EF7E00217DE8 /* Products */,
			);
			sourceTree = "<group>";
		};
		54F17B8B2183EF7E00217DE8 /* Products */ = {
			isa = PBXGroup;
			children = (
				54F17B8A2183EF7E00217DE8 /* StulinTakeHomeTest.app */,
				54F17B9E2183EF8700217DE8 /* StulinTakeHomeTestTests.xctest */,
				54F17BA92183EF8700217DE8 /* StulinTakeHomeTestUITests.xctest */,
			);
			name = Products;
			sourceTree = "<group>";
		};
		54F17B8C2183EF7E00217DE8 /* StulinTakeHomeTest */ = {
			isa = PBXGroup;
			children = (
				54F17B8D2183EF7E00217DE8 /* AppDelegate.swift */,
				54F17B8F2183EF7E00217DE8 /* ViewController.swift */,
				54F17B912183EF7E00217DE8 /* Main.storyboard */,
				54F17B942183EF8600217DE8 /* Assets.xcassets */,
				54F17B962183EF8600217DE8 /* LaunchScreen.storyboard */,
				54F17B992183EF8600217DE8 /* Info.plist */,
			);
			path = StulinTakeHomeTest;
			sourceTree = "<group>";
		};
		54F17BA12183EF8700217DE8 /* StulinTakeHomeTestTests */ = {
			isa = PBXGroup;
			children = (
				54F17BA22183EF8700217DE8 /* StulinTakeHomeTestTests.swift */,
				54F17BA42183EF8700217DE8 /* Info.plist */,
			);
			path = StulinTakeHomeTestTests;
			sourceTree = "<group>";
		};
		54F17BAC2183EF8700217DE8 /* StulinTakeHomeTestUITests */ = {
			isa = PBXGroup;
			children = (
				54F17BAD2183EF8700217DE8 /* StulinTakeHomeTestUITests.swift */,
				54F17BAF2183EF8700217DE8 /* Info.plist */,
			);
			path = StulinTakeHomeTestUITests;
			sourceTree = "<group>";
		};
/* End PBXGroup section */

/* Begin PBXNativeTarget section */
		54F17B892183EF7E00217DE8 /* StulinTakeHomeTest */ = {
			isa = PBXNativeTarget;
			buildConfigurationList = 54F17BB22183EF8700217DE8 /* Build configuration list for PBXNativeTarget "StulinTakeHomeTest" */;
			buildPhases = (
				54F17B862183EF7E00217DE8 /* Sources */,
				54F17B872183EF7E00217DE8 /* Frameworks */,
				54F17B882183EF7E00217DE8 /* Resources */,
			);
			buildRules = (
			);
			dependencies = (
			);
			name = StulinTakeHomeTest;
			productName = StulinTakeHomeTest;
			productReference = 54F17B8A2183EF7E00217DE8 /* StulinTakeHomeTest.app */;
			productType = "com.apple.product-type.application";
		};
		54F17B9D2183EF8700217DE8 /* StulinTakeHomeTestTests */ = {
			isa = PBXNativeTarget;
			buildConfigurationList = 54F17BB52183EF8700217DE8 /* Build configuration list for PBXNativeTarget "StulinTakeHomeTestTests" */;
			buildPhases = (
				54F17B9A2183EF8700217DE8 /* Sources */,
				54F17B9B2183EF8700217DE8 /* Frameworks */,
				54F17B9C2183EF8700217DE8 /* Resources */,
			);
			buildRules = (
			);
			dependencies = (
				54F17BA02183EF8700217DE8 /* PBXTargetDependency */,
			);
			name = StulinTakeHomeTestTests;
			productName = StulinTakeHomeTestTests;
			productReference = 54F17B9E2183EF8700217DE8 /* StulinTakeHomeTestTests.xctest */;
			productType = "com.apple.product-type.bundle.unit-test";
		};
		54F17BA82183EF8700217DE8 /* StulinTakeHomeTestUITests */ = {
			isa = PBXNativeTarget;
			buildConfigurationList = 54F17BB82183EF8700217DE8 /* Build configuration list for PBXNativeTarget "StulinTakeHomeTestUITests" */;
			buildPhases = (
				54F17BA52183EF8700217DE8 /* Sources */,
				54F17BA62183EF8700217DE8 /* Frameworks */,
				54F17BA72183EF8700217DE8 /* Resources */,
			);
			buildRules = (
			);
			dependencies = (
				54F17BAB2183EF8700217DE8 /* PBXTargetDependency */,
			);
			name = StulinTakeHomeTestUITests;
			productName = StulinTakeHomeTestUITests;
			productReference = 54F17BA92183EF8700217DE8 /* StulinTakeHomeTestUITests.xctest */;
			productType = "com.apple.product-type.bundle.ui-testing";
		};
/* End PBXNativeTarget section */

/* Begin PBXProject section */
		54F17B822183EF7E00217DE8 /* Project object */ = {
			isa = PBXProject;
			attributes = {
				LastSwiftUpdateCheck = 0940;
				LastUpgradeCheck = 0940;
				ORGANIZATIONNAME = ws;
				TargetAttributes = {
					54F17B892183EF7E00217DE8 = {
						CreatedOnToolsVersion = 9.4;
					};
					54F17B9D2183EF8700217DE8 = {
						CreatedOnToolsVersion = 9.4;
						TestTargetID = 54F17B892183EF7E00217DE8;
					};
					54F17BA82183EF8700217DE8 = {
						CreatedOnToolsVersion = 9.4;
						TestTargetID = 54F17B892183EF7E00217DE8;
					};
				};
			};
			buildConfigurationList = 54F17B852183EF7E00217DE8 /* Build configuration list for PBXProject "StulinTakeHomeTest" */;
			compatibilityVersion = "Xcode 9.3";
			developmentRegion = en;
			hasScannedForEncodings = 0;
			knownRegions = (
				en,
				Base,
			);
			mainGroup = 54F17B812183EF7E00217DE8;
			productRefGroup = 54F17B8B2183EF7E00217DE8 /* Products */;
			projectDirPath = "";
			projectRoot = "";
			targets = (
				54F17B892183EF7E00217DE8 /* StulinTakeHomeTest */,
				54F17B9D2183EF8700217DE8 /* StulinTakeHomeTestTests */,
				54F17BA82183EF8700217DE8 /* StulinTakeHomeTestUITests */,
			);
		};
/* End PBXProject section */

/* Begin PBXResourcesBuildPhase section */
		54F17B882183EF7E00217DE8 /* Resources */ = {
			isa = PBXResourcesBuildPhase;
			buildActionMask = 2147483647;
			files = (
				54F17B982183EF8600217DE8 /* LaunchScreen.storyboard in Resources */,
				54F17B952183EF8600217DE8 /* Assets.xcassets in Resources */,
				54F17B932183EF7E00217DE8 /* Main.storyboard in Resources */,
			);
			runOnlyForDeploymentPostprocessing = 0;
		};
		54F17B9C2183EF8700217DE8 /* Resources */ = {
			isa = PBXResourcesBuildPhase;
			buildActionMask = 2147483647;
			files = (
			);
			runOnlyForDeploymentPostprocessing = 0;
		};
		54F17BA72183EF8700217DE8 /* Resources */ = {
			isa = PBXResourcesBuildPhase;
			buildActionMask = 2147483647;
			files = (
			);
			runOnlyForDeploymentPostprocessing = 0;
		};
/* End PBXResourcesBuildPhase section */

/* Begin PBXSourcesBuildPhase section */
		54F17B862183EF7E00217DE8 /* Sources */ = {
			isa = PBXSourcesBuildPhase;
			buildActionMask = 2147483647;
			files = (
				54F17B902183EF7E00217DE8 /* ViewController.swift in Sources */,
				54F17B8E2183EF7E00217DE8 /* AppDelegate.swift in Sources */,
			);
			runOnlyForDeploymentPostprocessing = 0;
		};
		54F17B9A2183EF8700217DE8 /* Sources */ = {
			isa = PBXSourcesBuildPhase;
			buildActionMask = 2147483647;
			files = (
				54F17BA32183EF8700217DE8 /* StulinTakeHomeTestTests.swift in Sources */,
			);
			runOnlyForDeploymentPostprocessing = 0;
		};
		54F17BA52183EF8700217DE8 /* Sources */ = {
			isa = PBXSourcesBuildPhase;
			buildActionMask = 2147483647;
			files = (
				54F17BAE2183EF8700217DE8 /* StulinTakeHomeTestUITests.swift in Sources */,
			);
			runOnlyForDeploymentPostprocessing = 0;
		};
/* End PBXSourcesBuildPhase section */

/* Begin PBXTargetDependency section */
		54F17BA02183EF8700217DE8 /* PBXTargetDependency */ = {
			isa = PBXTargetDependency;
			target = 54F17B892183EF7E00217DE8 /* StulinTakeHomeTest */;
			targetProxy = 54F17B9F2183EF8700217DE8 /* PBXContainerItemProxy */;
		};
		54F17BAB2183EF8700217DE8 /* PBXTargetDependency */ = {
			isa = PBXTargetDependency;
			target = 54F17B892183EF7E00217DE8 /* StulinTakeHomeTest */;
			targetProxy = 54F17BAA2183EF8700217DE8 /* PBXContainerItemProxy */;
		};
/* End PBXTargetDependency section */

/* Begin PBXVariantGroup section */
		54F17B912183EF7E00217DE8 /* Main.storyboard */ = {
			isa = PBXVariantGroup;
			children = (
				54F17B922183EF7E00217DE8 /* Base */,
			);
			name = Main.storyboard;
			sourceTree = "<group>";
		};
		54F17B962183EF8600217DE8 /* LaunchScreen.storyboard */ = {
			isa = PBXVariantGroup;
			children = (
				54F17B972183EF8600217DE8 /* Base */,
			);
			name = LaunchScreen.storyboard;
			sourceTree = "<group>";
		};
/* End PBXVariantGroup section */

/* Begin XCBuildConfiguration section */
		54F17BB02183EF8700217DE8 /* Debug */ = {
			isa = XCBuildConfiguration;
			buildSettings = {
				ALWAYS_SEARCH_USER_PATHS = NO;
				CLANG_ANALYZER_NONNULL = YES;
				CLANG_ANALYZER_NUMBER_OBJECT_CONVERSION = YES_AGGRESSIVE;
				CLANG_CXX_LANGUAGE_STANDARD = "gnu++14";
				CLANG_CXX_LIBRARY = "libc++";
				CLANG_ENABLE_MODULES = YES;
				CLANG_ENABLE_OBJC_ARC = YES;
				CLANG_ENABLE_OBJC_WEAK = YES;
				CLANG_WARN_BLOCK_CAPTURE_AUTORELEASING = YES;
				CLANG_WARN_BOOL_CONVERSION = YES;
				CLANG_WARN_COMMA = YES;
				CLANG_WARN_CONSTANT_CONVERSION = YES;
				CLANG_WARN_DEPRECATED_OBJC_IMPLEMENTATIONS = YES;
				CLANG_WARN_DIRECT_OBJC_ISA_USAGE = YES_ERROR;
				CLANG_WARN_DOCUMENTATION_COMMENTS = YES;
				CLANG_WARN_EMPTY_BODY = YES;
				CLANG_WARN_ENUM_CONVERSION = YES;
				CLANG_WARN_INFINITE_RECURSION = YES;
				CLANG_WARN_INT_CONVERSION = YES;
				CLANG_WARN_NON_LITERAL_NULL_CONVERSION = YES;
				CLANG_WARN_OBJC_IMPLICIT_RETAIN_SELF = YES;
				CLANG_WARN_OBJC_LITERAL_CONVERSION = YES;
				CLANG_WARN_OBJC_ROOT_CLASS = YES_ERROR;
				CLANG_WARN_RANGE_LOOP_ANALYSIS = YES;
				CLANG_WARN_STRICT_PROTOTYPES = YES;
				CLANG_WARN_SUSPICIOUS_MOVE = YES;
				CLANG_WARN_UNGUARDED_AVAILABILITY = YES_AGGRESSIVE;
				CLANG_WARN_UNREACHABLE_CODE = YES;
				CLANG_WARN__DUPLICATE_METHOD_MATCH = YES;
				CODE_SIGN_IDENTITY = "iPhone Developer";
				COPY_PHASE_STRIP = NO;
				DEBUG_INFORMATION_FORMAT = dwarf;
				ENABLE_STRICT_OBJC_MSGSEND = YES;
				ENABLE_TESTABILITY = YES;
				GCC_C_LANGUAGE_STANDARD = gnu11;
				GCC_DYNAMIC_NO_PIC = NO;
				GCC_NO_COMMON_BLOCKS = YES;
				GCC_OPTIMIZATION_LEVEL = 0;
				GCC_PREPROCESSOR_DEFINITIONS = (
					"DEBUG=1",
					"$(inherited)",
				);
				GCC_WARN_64_TO_32_BIT_CONVERSION = YES;
				GCC_WARN_ABOUT_RETURN_TYPE = YES_ERROR;
				GCC_WARN_UNDECLARED_SELECTOR = YES;
				GCC_WARN_UNINITIALIZED_AUTOS = YES_AGGRESSIVE;
				GCC_WARN_UNUSED_FUNCTION = YES;
				GCC_WARN_UNUSED_VARIABLE = YES;
				IPHONEOS_DEPLOYMENT_TARGET = 11.4;
				MTL_ENABLE_DEBUG_INFO = YES;
				ONLY_ACTIVE_ARCH = YES;
				SDKROOT = iphoneos;
				SWIFT_ACTIVE_COMPILATION_CONDITIONS = DEBUG;
				SWIFT_OPTIMIZATION_LEVEL = "-Onone";
			};
			name = Debug;
		};
		54F17BB12183EF8700217DE8 /* Release */ = {
			isa = XCBuildConfiguration;
			buildSettings = {
				ALWAYS_SEARCH_USER_PATHS = NO;
				CLANG_ANALYZER_NONNULL = YES;
				CLANG_ANALYZER_NUMBER_OBJECT_CONVERSION = YES_AGGRESSIVE;
				CLANG_CXX_LANGUAGE_STANDARD = "gnu++14";
				CLANG_CXX_LIBRARY = "libc++";
				CLANG_ENABLE_MODULES = YES;
				CLANG_ENABLE_OBJC_ARC = YES;
				CLANG_ENABLE_OBJC_WEAK = YES;
				CLANG_WARN_BLOCK_CAPTURE_AUTORELEASING = YES;
				CLANG_WARN_BOOL_CONVERSION = YES;
				CLANG_WARN_COMMA = YES;
				CLANG_WARN_CONSTANT_CONVERSION = YES;
				CLANG_WARN_DEPRECATED_OBJC_IMPLEMENTATIONS = YES;
				CLANG_WARN_DIRECT_OBJC_ISA_USAGE = YES_ERROR;
				CLANG_WARN_DOCUMENTATION_COMMENTS = YES;
				CLANG_WARN_EMPTY_BODY = YES;
				CLANG_WARN_ENUM_CONVERSION = YES;
				CLANG_WARN_INFINITE_RECURSION = YES;
				CLANG_WARN_INT_CONVERSION = YES;
				CLANG_WARN_NON_LITERAL_NULL_CONVERSION = YES;
				CLANG_WARN_OBJC_IMPLICIT_RETAIN_SELF = YES;
				CLANG_WARN_OBJC_LITERAL_CONVERSION = YES;
				CLANG_WARN_OBJC_ROOT_CLASS = YES_ERROR;
				CLANG_WARN_RANGE_LOOP_ANALYSIS = YES;
				CLANG_WARN_STRICT_PROTOTYPES = YES;
				CLANG_WARN_SUSPICIOUS_MOVE = YES;
				CLANG_WARN_UNGUARDED_AVAILABILITY = YES_AGGRESSIVE;
				CLANG_WARN_UNREACHABLE_CODE = YES;
				CLANG_WARN__DUPLICATE_METHOD_MATCH = YES;
				CODE_SIGN_IDENTITY = "iPhone Developer";
				COPY_PHASE_STRIP = NO;
				DEBUG_INFORMATION_FORMAT = "dwarf-with-dsym";
				ENABLE_NS_ASSERTIONS = NO;
				ENABLE_STRICT_OBJC_MSGSEND = YES;
				GCC_C_LANGUAGE_STANDARD = gnu11;
				GCC_NO_COMMON_BLOCKS = YES;
				GCC_WARN_64_TO_32_BIT_CONVERSION = YES;
				GCC_WARN_ABOUT_RETURN_TYPE = YES_ERROR;
				GCC_WARN_UNDECLARED_SELECTOR = YES;
				GCC_WARN_UNINITIALIZED_AUTOS = YES_AGGRESSIVE;
				GCC_WARN_UNUSED_FUNCTION = YES;
				GCC_WARN_UNUSED_VARIABLE = YES;
				IPHONEOS_DEPLOYMENT_TARGET = 11.4;
				MTL_ENABLE_DEBUG_INFO = NO;
				SDKROOT = iphoneos;
				SWIFT_COMPILATION_MODE = wholemodule;
				SWIFT_OPTIMIZATION_LEVEL = "-O";
				VALIDATE_PRODUCT = YES;
			};
			name = Release;
		};
		54F17BB32183EF8700217DE8 /* Debug */ = {
			isa = XCBuildConfiguration;
			buildSettings = {
				ASSETCATALOG_COMPILER_APPICON_NAME = AppIcon;
				CODE_SIGN_STYLE = Automatic;
				INFOPLIST_FILE = StulinTakeHomeTest/Info.plist;
				LD_RUNPATH_SEARCH_PATHS = (
					"$(inherited)",
					"@executable_path/Frameworks",
				);
				PRODUCT_BUNDLE_IDENTIFIER = asdf.StulinTakeHomeTest;
				PRODUCT_NAME = "$(TARGET_NAME)";
				SWIFT_VERSION = 4.0;
				TARGETED_DEVICE_FAMILY = "1,2";
			};
			name = Debug;
		};
		54F17BB42183EF8700217DE8 /* Release */ = {
			isa = XCBuildConfiguration;
			buildSettings = {
				ASSETCATALOG_COMPILER_APPICON_NAME = AppIcon;
				CODE_SIGN_STYLE = Automatic;
				INFOPLIST_FILE = StulinTakeHomeTest/Info.plist;
				LD_RUNPATH_SEARCH_PATHS = (
					"$(inherited)",
					"@executable_path/Frameworks",
				);
				PRODUCT_BUNDLE_IDENTIFIER = asdf.StulinTakeHomeTest;
				PRODUCT_NAME = "$(TARGET_NAME)";
				SWIFT_VERSION = 4.0;
				TARGETED_DEVICE_FAMILY = "1,2";
			};
			name = Release;
		};
		54F17BB62183EF8700217DE8 /* Debug */ = {
			isa = XCBuildConfiguration;
			buildSettings = {
				ALWAYS_EMBED_SWIFT_STANDARD_LIBRARIES = YES;
				BUNDLE_LOADER = "$(TEST_HOST)";
				CODE_SIGN_STYLE = Automatic;
				INFOPLIST_FILE = StulinTakeHomeTestTests/Info.plist;
				LD_RUNPATH_SEARCH_PATHS = (
					"$(inherited)",
					"@executable_path/Frameworks",
					"@loader_path/Frameworks",
				);
				PRODUCT_BUNDLE_IDENTIFIER = asdf.StulinTakeHomeTestTests;
				PRODUCT_NAME = "$(TARGET_NAME)";
				SWIFT_VERSION = 4.0;
				TARGETED_DEVICE_FAMILY = "1,2";
				TEST_HOST = "$(BUILT_PRODUCTS_DIR)/StulinTakeHomeTest.app/StulinTakeHomeTest";
			};
			name = Debug;
		};
		54F17BB72183EF8700217DE8 /* Release */ = {
			isa = XCBuildConfiguration;
			buildSettings = {
				ALWAYS_EMBED_SWIFT_STANDARD_LIBRARIES = YES;
				BUNDLE_LOADER = "$(TEST_HOST)";
				CODE_SIGN_STYLE = Automatic;
				INFOPLIST_FILE = StulinTakeHomeTestTests/Info.plist;
				LD_RUNPATH_SEARCH_PATHS = (
					"$(inherited)",
					"@executable_path/Frameworks",
					"@loader_path/Frameworks",
				);
				PRODUCT_BUNDLE_IDENTIFIER = asdf.StulinTakeHomeTestTests;
				PRODUCT_NAME = "$(TARGET_NAME)";
				SWIFT_VERSION = 4.0;
				TARGETED_DEVICE_FAMILY = "1,2";
				TEST_HOST = "$(BUILT_PRODUCTS_DIR)/StulinTakeHomeTest.app/StulinTakeHomeTest";
			};
			name = Release;
		};
		54F17BB92183EF8700217DE8 /* Debug */ = {
			isa = XCBuildConfiguration;
			buildSettings = {
				ALWAYS_EMBED_SWIFT_STANDARD_LIBRARIES = YES;
				CODE_SIGN_STYLE = Automatic;
				INFOPLIST_FILE = StulinTakeHomeTestUITests/Info.plist;
				LD_RUNPATH_SEARCH_PATHS = (
					"$(inherited)",
					"@executable_path/Frameworks",
					"@loader_path/Frameworks",
				);
				PRODUCT_BUNDLE_IDENTIFIER = asdf.StulinTakeHomeTestUITests;
				PRODUCT_NAME = "$(TARGET_NAME)";
				SWIFT_VERSION = 4.0;
				TARGETED_DEVICE_FAMILY = "1,2";
				TEST_TARGET_NAME = StulinTakeHomeTest;
			};
			name = Debug;
		};
		54F17BBA2183EF8700217DE8 /* Release */ = {
			isa = XCBuildConfiguration;
			buildSettings = {
				ALWAYS_EMBED_SWIFT_STANDARD_LIBRARIES = YES;
				CODE_SIGN_STYLE = Automatic;
				INFOPLIST_FILE = StulinTakeHomeTestUITests/Info.plist;
				LD_RUNPATH_SEARCH_PATHS = (
					"$(inherited)",
					"@executable_path/Frameworks",
					"@loader_path/Frameworks",
				);
				PRODUCT_BUNDLE_IDENTIFIER = asdf.StulinTakeHomeTestUITests;
				PRODUCT_NAME = "$(TARGET_NAME)";
				SWIFT_VERSION = 4.0;
				TARGETED_DEVICE_FAMILY = "1,2";
				TEST_TARGET_NAME = StulinTakeHomeTest;
			};
			name = Release;
		};
/* End XCBuildConfiguration section */

/* Begin XCConfigurationList section */
		54F17B852183EF7E00217DE8 /* Build configuration list for PBXProject "StulinTakeHomeTest" */ = {
			isa = XCConfigurationList;
			buildConfigurations = (
				54F17BB02183EF8700217DE8 /* Debug */,
				54F17BB12183EF8700217DE8 /* Release */,
			);
			defaultConfigurationIsVisible = 0;
			defaultConfigurationName = Release;
		};
		54F17BB22183EF8700217DE8 /* Build configuration list for PBXNativeTarget "StulinTakeHomeTest" */ = {
			isa = XCConfigurationList;
			buildConfigurations = (
				54F17BB32183EF8700217DE8 /* Debug */,
				54F17BB42183EF8700217DE8 /* Release */,
			);
			defaultConfigurationIsVisible = 0;
			defaultConfigurationName = Release;
		};
		54F17BB52183EF8700217DE8 /* Build configuration list for PBXNativeTarget "StulinTakeHomeTestTests" */ = {
			isa = XCConfigurationList;
			buildConfigurations = (
				54F17BB62183EF8700217DE8 /* Debug */,
				54F17BB72183EF8700217DE8 /* Release */,
			);
			defaultConfigurationIsVisible = 0;
			defaultConfigurationName = Release;
		};
		54F17BB82183EF8700217DE8 /* Build configuration list for PBXNativeTarget "StulinTakeHomeTestUITests" */ = {
			isa = XCConfigurationList;
			buildConfigurations = (
				54F17BB92183EF8700217DE8 /* Debug */,
				54F17BBA2183EF8700217DE8 /* Release */,
			);
			defaultConfigurationIsVisible = 0;
			defaultConfigurationName = Release;
		};
/* End XCConfigurationList section */
	};
	rootObject = 54F17B822183EF7E00217DE8 /* Project object */;
}
